{
  "name": "Portafolio",
  "lockfileVersion": 3,
  "requires": true,
  "packages": {
    "": {
      "dependencies": {
        "@lottiefiles/dotlottie-react": "^0.19.10"
      }
    },
    "node_modules/@lottiefiles/dotlottie-react": {
      "version": "0.19.10",
      "resolved": "https://registry.npmjs.org/@lottiefiles/dotlottie-react/-/dotlottie-react-0.19.10.tgz",
      "integrity": "sha512-Hy2PqcWBvWicqH+dFeox1TrsLuUEfCGmYI0R6/9JWFRvp+96pYPVVPHHmBfJwFoaLrDyMHaqQ26goxb/FRwoSQ==",
      "license": "MIT",
      "dependencies": {
        "@lottiefiles/dotlottie-web": "0.78.0"
      },
      "engines": {
        "node": ">=18.17.0",
        "npm": ">=9.5.0"
      },
      "peerDependencies": {
        "react": "^17 || ^18 || ^19"
      }
    },
    "node_modules/@lottiefiles/dotlottie-web": {
      "version": "0.78.0",
      "resolved": "https://registry.npmjs.org/@lottiefiles/dotlottie-web/-/dotlottie-web-0.78.0.tgz",
      "integrity": "sha512-vGF+sZfcDcgWnebMpZtZVkTMA3EvV+X63QjFnHQFSc/7S3YUAoYkLEpoBA7CoV3jU1AmDKV7pAqUPKzxel3Ohw==",
      "license": "MIT",
      "engines": {
        "node": ">=18.17.0",
        "npm": ">=9.5.0"
      }
    },
    "node_modules/react": {
      "version": "19.2.7",
      "resolved": "https://registry.npmjs.org/react/-/react-19.2.7.tgz",
      "integrity": "sha512-HNe9WslTbXmFK8o8cmwgAeJFSBvt1bPdHCVKtaaV+WlAN36mpT4hcRpwbf3fY56ar2oIXzsBpOAiIRHAdY0OlQ==",
      "license": "MIT",
      "peer": true,
      "engines": {
        "node": ">=0.10.0"
      }
    }
  }
}
